
Microsoft Visual Studio Solution File, Format Version 12.00
# Visual Studio Version 17
VisualStudioVersion = 17.8.34511.84
MinimumVisualStudioVersion = 10.0.40219.1
Project("{FAE04EC0-301F-11D3-BF4B-00C04F79EFBC}") = "CEPAW.NewsApp", "CEPAW.NewsApp.csproj", "{3BC1A860-8EF3-45BF-8A43-E26947AEEB61}"
EndProject
Project("{FAE04EC0-301F-11D3-BF4B-00C04F79EFBC}") = "CEPAW.NewsApp.Models", "..\CEPAW.NewsApp.Models\CEPAW.NewsApp.Models.csproj", "{35DAB0D4-E249-448C-87E7-63CFB9C52C80}"
EndProject
Project("{FAE04EC0-301F-11D3-BF4B-00C04F79EFBC}") = "CEPAW.NewsApp.Services", "..\CEPAW.NewsApp.Services\CEPAW.NewsApp.Services.csproj", "{A8F8122B-5AF9-4AF5-93F0-1A36E752D93F}"
EndProject
Global
	GlobalSection(SolutionConfigurationPlatforms) = preSolution
		Debug|Any CPU = Debug|Any CPU
		Release|Any CPU = Release|Any CPU
	EndGlobalSection
	GlobalSection(ProjectConfigurationPlatforms) = postSolution
		{3BC1A860-8EF3-45BF-8A43-E26947AEEB61}.Debug|Any CPU.ActiveCfg = Debug|Any CPU
		{3BC1A860-8EF3-45BF-8A43-E26947AEEB61}.Debug|Any CPU.Build.0 = Debug|Any CPU
		{3BC1A860-8EF3-45BF-8A43-E26947AEEB61}.Release|Any CPU.ActiveCfg = Release|Any CPU
		{3BC1A860-8EF3-45BF-8A43-E26947AEEB61}.Release|Any CPU.Build.0 = Release|Any CPU
		{35DAB0D4-E249-448C-87E7-63CFB9C52C80}.Debug|Any CPU.ActiveCfg = Debug|Any CPU
		{35DAB0D4-E249-448C-87E7-63CFB9C52C80}.Debug|Any CPU.Build.0 = Debug|Any CPU
		{35DAB0D4-E249-448C-87E7-63CFB9C52C80}.Release|Any CPU.ActiveCfg = Release|Any CPU
		{35DAB0D4-E249-448C-87E7-63CFB9C52C80}.Release|Any CPU.Build.0 = Release|Any CPU
		{A8F8122B-5AF9-4AF5-93F0-1A36E752D93F}.Debug|Any CPU.ActiveCfg = Debug|Any CPU
		{A8F8122B-5AF9-4AF5-93F0-1A36E752D93F}.Debug|Any CPU.Build.0 = Debug|Any CPU
		{A8F8122B-5AF9-4AF5-93F0-1A36E752D93F}.Release|Any CPU.ActiveCfg = Release|Any CPU
		{A8F8122B-5AF9-4AF5-93F0-1A36E752D93F}.Release|Any CPU.Build.0 = Release|Any CPU
	EndGlobalSection
	GlobalSection(SolutionProperties) = preSolution
		HideSolutionNode = FALSE
	EndGlobalSection
	GlobalSection(ExtensibilityGlobals) = postSolution
		SolutionGuid = {CD3EE0DF-05F7-402C-AB29-81C507F78BCA}
	EndGlobalSection
EndGlobal
